
Microsoft Visual Studio Solution File, Format Version 12.00
# Visual Studio Version 17
VisualStudioVersion = 17.14.36203.30
MinimumVisualStudioVersion = 10.0.40219.1
Project("{FAE04EC0-301F-11D3-BF4B-00C04F79EFBC}") = "Debtor.Web", "Debtor.Web\Debtor.Web.csproj", "{5DAF6743-9E9E-44BA-97F3-4C34D9714F06}"
EndProject
Project("{FAE04EC0-301F-11D3-BF4B-00C04F79EFBC}") = "Debtor.Desktop", "Debtor.Desktop\Debtor.Desktop.csproj", "{9AD0BA04-3B09-4FCB-BDC3-92E65CED518B}"
EndProject
Project("{FAE04EC0-301F-11D3-BF4B-00C04F79EFBC}") = "Debtor.DataAcess", "Debtor.DataAcess\Debtor.DataAcess.csproj", "{054DBA3C-F370-4562-910F-D3E134A23419}"
EndProject
Project("{FAE04EC0-301F-11D3-BF4B-00C04F79EFBC}") = "Debtor.ImportExport", "Debtor.ImportExport\Debtor.ImportExport.csproj", "{91928F3F-19EF-49E1-AA7D-FEE75764C320}"
EndProject
Project("{FAE04EC0-301F-11D3-BF4B-00C04F79EFBC}") = "Debtor.UnitTests", "Debtor.UnitTests\Debtor.UnitTests.csproj", "{6F574C26-8ED9-4C00-B676-C508C117261E}"
EndProject
Global
	GlobalSection(SolutionConfigurationPlatforms) = preSolution
		Debug|Any CPU = Debug|Any CPU
		Release|Any CPU = Release|Any CPU
	EndGlobalSection
	GlobalSection(ProjectConfigurationPlatforms) = postSolution
		{5DAF6743-9E9E-44BA-97F3-4C34D9714F06}.Debug|Any CPU.ActiveCfg = Debug|Any CPU
		{5DAF6743-9E9E-44BA-97F3-4C34D9714F06}.Debug|Any CPU.Build.0 = Debug|Any CPU
		{5DAF6743-9E9E-44BA-97F3-4C34D9714F06}.Release|Any CPU.ActiveCfg = Release|Any CPU
		{5DAF6743-9E9E-44BA-97F3-4C34D9714F06}.Release|Any CPU.Build.0 = Release|Any CPU
		{9AD0BA04-3B09-4FCB-BDC3-92E65CED518B}.Debug|Any CPU.ActiveCfg = Debug|Any CPU
		{9AD0BA04-3B09-4FCB-BDC3-92E65CED518B}.Debug|Any CPU.Build.0 = Debug|Any CPU
		{9AD0BA04-3B09-4FCB-BDC3-92E65CED518B}.Release|Any CPU.ActiveCfg = Release|Any CPU
		{9AD0BA04-3B09-4FCB-BDC3-92E65CED518B}.Release|Any CPU.Build.0 = Release|Any CPU
		{054DBA3C-F370-4562-910F-D3E134A23419}.Debug|Any CPU.ActiveCfg = Debug|Any CPU
		{054DBA3C-F370-4562-910F-D3E134A23419}.Debug|Any CPU.Build.0 = Debug|Any CPU
		{054DBA3C-F370-4562-910F-D3E134A23419}.Release|Any CPU.ActiveCfg = Release|Any CPU
		{054DBA3C-F370-4562-910F-D3E134A23419}.Release|Any CPU.Build.0 = Release|Any CPU
		{91928F3F-19EF-49E1-AA7D-FEE75764C320}.Debug|Any CPU.ActiveCfg = Debug|Any CPU
		{91928F3F-19EF-49E1-AA7D-FEE75764C320}.Debug|Any CPU.Build.0 = Debug|Any CPU
		{91928F3F-19EF-49E1-AA7D-FEE75764C320}.Release|Any CPU.ActiveCfg = Release|Any CPU
		{91928F3F-19EF-49E1-AA7D-FEE75764C320}.Release|Any CPU.Build.0 = Release|Any CPU
		{6F574C26-8ED9-4C00-B676-C508C117261E}.Debug|Any CPU.ActiveCfg = Debug|Any CPU
		{6F574C26-8ED9-4C00-B676-C508C117261E}.Debug|Any CPU.Build.0 = Debug|Any CPU
		{6F574C26-8ED9-4C00-B676-C508C117261E}.Release|Any CPU.ActiveCfg = Release|Any CPU
		{6F574C26-8ED9-4C00-B676-C508C117261E}.Release|Any CPU.Build.0 = Release|Any CPU
	EndGlobalSection
	GlobalSection(SolutionProperties) = preSolution
		HideSolutionNode = FALSE
	EndGlobalSection
	GlobalSection(ExtensibilityGlobals) = postSolution
		SolutionGuid = {7C422948-71AD-4BF6-8086-D79C2A762726}
	EndGlobalSection
EndGlobal
